{
    "requires": true,
    "lockfileVersion": 1,
    "dependencies": {
        "font-picker": {
            "version": "2.1.0",
            "resolved": "https://registry.npmjs.org/font-picker/-/font-picker-2.1.0.tgz",
            "integrity": "sha512-EOBiflfnrIdwcBNoOSLGVzCG6MU8CNGBe0rc1Q19b8BlcAQnq+IQEa2dWFInubl0a/Z8CnTN8CYQCI4yPWIipg=="
        }
    }
}
